
Microsoft Visual Studio Solution File, Format Version 12.00
# Visual Studio Version 17
VisualStudioVersion = 17.7.34221.43
MinimumVisualStudioVersion = 10.0.40219.1
Project("{9092AA53-FB77-4645-B42D-1CCCA6BD08BD}") = "simplecrud nestjs", "simplecrud nestjs.njsproj", "{A4F1B949-C74D-4DC0-BD04-7469E68D8587}"
EndProject
Global
	GlobalSection(SolutionConfigurationPlatforms) = preSolution
		Debug|Any CPU = Debug|Any CPU
		Release|Any CPU = Release|Any CPU
	EndGlobalSection
	GlobalSection(ProjectConfigurationPlatforms) = postSolution
		{A4F1B949-C74D-4DC0-BD04-7469E68D8587}.Debug|Any CPU.ActiveCfg = Debug|Any CPU
		{A4F1B949-C74D-4DC0-BD04-7469E68D8587}.Debug|Any CPU.Build.0 = Debug|Any CPU
		{A4F1B949-C74D-4DC0-BD04-7469E68D8587}.Release|Any CPU.ActiveCfg = Release|Any CPU
		{A4F1B949-C74D-4DC0-BD04-7469E68D8587}.Release|Any CPU.Build.0 = Release|Any CPU
	EndGlobalSection
	GlobalSection(SolutionProperties) = preSolution
		HideSolutionNode = FALSE
	EndGlobalSection
	GlobalSection(ExtensibilityGlobals) = postSolution
		SolutionGuid = {9B773549-9B1E-4D77-8EC6-1CA510F3ECEB}
	EndGlobalSection
EndGlobal
